<?xml version="1.0" encoding="utf-8"?>
<Project ToolsVersion="4.0" xmlns="http://schemas.microsoft.com/developer/msbuild/2003">
  <ItemGroup>
    <FxCompile Include="Resources\shaders\hlsl\Particle.PS.hlsl" />
    <FxCompile Include="Resources\shaders\hlsl\Particle.VS.hlsl" />
    <FxCompile Include="Sprite.PS.hlsl" />
    <FxCompile Include="Sprite.VS.hlsl" />
  </ItemGroup>
  <ItemGroup>
    <ClCompile Include="D3DResourceLeakChecker.cpp" />
    <ClCompile Include="DirectXCommon.cpp" />
    <ClCompile Include="externals\imgui\imgui.cpp" />
    <ClCompile Include="externals\imgui\imgui_demo.cpp" />
    <ClCompile Include="externals\imgui\imgui_draw.cpp" />
    <ClCompile Include="externals\imgui\imgui_impl_dx12.cpp" />
    <ClCompile Include="externals\imgui\imgui_impl_win32.cpp" />
    <ClCompile Include="externals\imgui\imgui_tables.cpp" />
    <ClCompile Include="externals\imgui\imgui_widgets.cpp" />
    <ClCompile Include="MyGame.cpp" />
    <ClCompile Include="Input.cpp" />
    <ClCompile Include="Logger.cpp" />
    <ClCompile Include="main.cpp" />
    <ClCompile Include="Model.cpp" />
    <ClCompile Include="ModelManager.cpp" />
    <ClCompile Include="Object3d.cpp" />
    <ClCompile Include="Object3dCommon.cpp" />
    <ClCompile Include="ParticleManager.cpp" />
    <ClCompile Include="Sound.cpp" />
    <ClCompile Include="Sprite.cpp" />
    <ClCompile Include="SpriteCommon.cpp" />
    <ClCompile Include="StringUtility.cpp" />
    <ClCompile Include="MyMath.cpp" />
    <ClCompile Include="TextureManager.cpp" />
    <ClCompile Include="WinApp.cpp" />
    <ClCompile Include="Skybox.cpp" />
    <ClCompile Include="Camera.cpp" />
    <ClCompile Include="SrvManager.cpp" />
    <ClCompile Include="ImGuiManager.cpp" />
    <ClCompile Include="GameSystem.cpp" />
    <ClCompile Include="GameScene.cpp" />
    <ClCompile Include="Ring.cpp" />
    <ClCompile Include="Cylinder.cpp" />
    <ClCompile Include="Animation.cpp" />
    <ClCompile Include="Skelton.cpp" />
    <ClCompile Include="SkinCluster.cpp" />
    <ClCompile Include="WindowSystem.cpp" />
    <ClCompile Include="InputSystem.cpp" />
    <ClCompile Include="GraphicsSystem.cpp" />
    <ClCompile Include="Engine.cpp" />
    <ClCompile Include="SceneManager.cpp" />
    <ClCompile Include="Object3DSkinning.cpp" />
    <ClCompile Include="AnimationLoader.cpp" />
    <ClCompile Include="CylinderParticleSystem.cpp" />
    <ClCompile Include="DirectXShaderCompiler.cpp" />
    <ClCompile Include="FpsLimiter.cpp" />
    <ClCompile Include="Primitive.cpp" />
    <ClCompile Include="HitEffectController.cpp" />
    <ClCompile Include="AnimationDebugController.cpp" />
  </ItemGroup>
  <ItemGroup>
    <ClInclude Include="D3DResourceLeakChecker.h" />
    <ClInclude Include="DirectXCommon.h" />
    <ClInclude Include="externals\imgui\imconfig.h" />
    <ClInclude Include="externals\imgui\imgui.h" />
    <ClInclude Include="externals\imgui\imgui_impl_dx12.h" />
    <ClInclude Include="externals\imgui\imgui_impl_win32.h" />
    <ClInclude Include="externals\imgui\imgui_internal.h" />
    <ClInclude Include="externals\imgui\imstb_rectpack.h" />
    <ClInclude Include="externals\imgui\imstb_textedit.h" />
    <ClInclude Include="externals\imgui\imstb_truetype.h" />
    <ClInclude Include="MyGame.h" />
    <ClInclude Include="Input.h" />
    <ClInclude Include="Logger.h" />
    <ClInclude Include="Model.h" />
    <ClInclude Include="ModelManager.h" />
    <ClInclude Include="Object3d.h" />
    <ClInclude Include="Object3dCommon.h" />
    <ClInclude Include="ParticleManager.h" />
    <ClInclude Include="resource.h" />
    <ClInclude Include="Sound.h" />
    <ClInclude Include="Sprite.h" />
    <ClInclude Include="SpriteCommon.h" />
    <ClInclude Include="StringUtility.h" />
    <ClInclude Include="MyMath.h" />
    <ClInclude Include="TextureManager.h" />
    <ClInclude Include="WinApp.h" />
    <ClInclude Include="Skybox.h" />
    <ClInclude Include="Camera.h" />
    <ClInclude Include="SrvManager.h" />
    <ClInclude Include="ImGuiManager.h" />
    <ClInclude Include="GameSystem.h" />
    <ClInclude Include="GameScene.h" />
    <ClInclude Include="Ring.h" />
    <ClInclude Include="Cylinder.h" />
    <ClInclude Include="Animation.h" />
    <ClInclude Include="Skelton.h" />
    <ClInclude Include="SkinCluster.h" />
    <ClInclude Include="IScene.h" />
    <ClInclude Include="EngineContext.h" />
    <ClInclude Include="WindowSystem.h" />
    <ClInclude Include="InputSystem.h" />
    <ClInclude Include="GraphicsSystem.h" />
    <ClInclude Include="Engine.h" />
    <ClInclude Include="SceneManager.h" />
    <ClInclude Include="Object3DSkinning.h" />
    <ClInclude Include="AnimationLoader.h" />
    <ClInclude Include="CylinderParticleSystem.h" />
    <ClInclude Include="DirectXShaderCompiler.h" />
    <ClInclude Include="FpsLimiter.h" />
    <ClInclude Include="Primitive.h" />
    <ClInclude Include="HitEffectController.h" />
    <ClInclude Include="AnimationDebugController.h" />
  </ItemGroup>
  <ItemGroup>
    <ResourceCompile Include="CG_3.rc" />
  </ItemGroup>
  <ItemGroup>
    <None Include="Resources\shaders\hlsl\Particle.hlsli" />
    <None Include="Resources\shaders\hlsl\FullScreen.hlsli" />
    <None Include="Resources\shaders\hlsl\Fullscreen.VS.hlsl" />
    <None Include="Resources\shaders\hlsl\Grayscale.PS.hlsl" />
    <None Include="Resources\shaders\hlsl\Skybox.hlsli" />
    <None Include="Resources\shaders\hlsl\Skybox.VS.hlsl" />
    <None Include="Resources\shaders\hlsl\Skybox.PS.hlsl" />
    <None Include="Resources\shaders\hlsl\Object3d.hlsli" />
    <None Include="Resources\shaders\hlsl\Object3d.PS.hlsl" />
    <None Include="Resources\shaders\hlsl\Object3d.VS.hlsl" />
    <None Include="Resources\shaders\hlsl\CopyImage.PS.hlsl" />
    <None Include="Resources\shaders\hlsl\HitParticle.PS.hlsl" />
    <None Include="Resources\shaders\hlsl\HitParticle.hlsli" />
    <None Include="Resources\shaders\hlsl\HitParticle.VS.hlsl" />
    <None Include="Resources\shaders\hlsl\Ring.VS.hlsl" />
    <None Include="Resources\shaders\hlsl\Ring.PS.hlsl" />
    <None Include="Resources\shaders\hlsl\CylinderEffect.VS.hlsl" />
    <None Include="Resources\shaders\hlsl\CylinderEffect.PS.hlsl" />
  </ItemGroup>
  <ItemGroup>
    <Text Include="externals\imgui\LICENSE.txt" />
  </ItemGroup>
</Project>